
Microsoft Visual Studio Solution File, Format Version 12.00
Project("{FAE04EC0-301F-11D3-BF4B-00C04F79EFBC}") = "Messaging Interface", "Messaging Interface\Messaging Interface.csproj", "{68A4CA92-E632-4BF9-8442-3C561D836824}"
EndProject
Project("{FAE04EC0-301F-11D3-BF4B-00C04F79EFBC}") = "Server Controller", "Server Controller\Server Controller.csproj", "{AB937096-9EBB-4A22-979E-30D622EC0CF7}"
EndProject
Global
	GlobalSection(SolutionConfigurationPlatforms) = preSolution
		Debug|Any CPU = Debug|Any CPU
		Release|Any CPU = Release|Any CPU
	EndGlobalSection
	GlobalSection(ProjectConfigurationPlatforms) = postSolution
		{68A4CA92-E632-4BF9-8442-3C561D836824}.Debug|Any CPU.ActiveCfg = Debug|Any CPU
		{68A4CA92-E632-4BF9-8442-3C561D836824}.Debug|Any CPU.Build.0 = Debug|Any CPU
		{68A4CA92-E632-4BF9-8442-3C561D836824}.Release|Any CPU.ActiveCfg = Release|Any CPU
		{68A4CA92-E632-4BF9-8442-3C561D836824}.Release|Any CPU.Build.0 = Release|Any CPU
		{AB937096-9EBB-4A22-979E-30D622EC0CF7}.Debug|Any CPU.ActiveCfg = Debug|Any CPU
		{AB937096-9EBB-4A22-979E-30D622EC0CF7}.Debug|Any CPU.Build.0 = Debug|Any CPU
		{AB937096-9EBB-4A22-979E-30D622EC0CF7}.Release|Any CPU.ActiveCfg = Release|Any CPU
		{AB937096-9EBB-4A22-979E-30D622EC0CF7}.Release|Any CPU.Build.0 = Release|Any CPU
	EndGlobalSection
EndGlobal
